
Microsoft Visual Studio Solution File, Format Version 12.00
# Visual Studio Version 16
VisualStudioVersion = 16.0.30717.126
MinimumVisualStudioVersion = 10.0.40219.1
Project("{FAE04EC0-301F-11D3-BF4B-00C04F79EFBC}") = "FiletoDatabase", "FiletoDatabase\FiletoDatabase.csproj", "{90D7CEDF-8146-4740-AAFA-355BF2539EED}"
EndProject
Global
	GlobalSection(SolutionConfigurationPlatforms) = preSolution
		Debug|Any CPU = Debug|Any CPU
		Release|Any CPU = Release|Any CPU
	EndGlobalSection
	GlobalSection(ProjectConfigurationPlatforms) = postSolution
		{90D7CEDF-8146-4740-AAFA-355BF2539EED}.Debug|Any CPU.ActiveCfg = Debug|Any CPU
		{90D7CEDF-8146-4740-AAFA-355BF2539EED}.Debug|Any CPU.Build.0 = Debug|Any CPU
		{90D7CEDF-8146-4740-AAFA-355BF2539EED}.Release|Any CPU.ActiveCfg = Release|Any CPU
		{90D7CEDF-8146-4740-AAFA-355BF2539EED}.Release|Any CPU.Build.0 = Release|Any CPU
	EndGlobalSection
	GlobalSection(SolutionProperties) = preSolution
		HideSolutionNode = FALSE
	EndGlobalSection
	GlobalSection(ExtensibilityGlobals) = postSolution
		SolutionGuid = {2BE0CACA-E10F-459A-B4A6-BE09D335D9E9}
	EndGlobalSection
EndGlobal
